
Microsoft Visual Studio Solution File, Format Version 12.00
# Visual Studio 14
VisualStudioVersion = 14.0.25420.1
MinimumVisualStudioVersion = 10.0.40219.1
Project("{FAE04EC0-301F-11D3-BF4B-00C04F79EFBC}") = "Server UI", "Chat Vadim Mukovozov 326960382\Server UI.csproj", "{9E2CCA57-C89E-49D3-882D-03F08F4BDC1E}"
EndProject
Project("{FAE04EC0-301F-11D3-BF4B-00C04F79EFBC}") = "Clinet UI", "Clinet UI\Clinet UI.csproj", "{BA8B499B-CC7C-4C10-9D5C-A7B0F748AB91}"
EndProject
Project("{FAE04EC0-301F-11D3-BF4B-00C04F79EFBC}") = "Server Side Logic", "Server Side Logic\Server Side Logic.csproj", "{67E7028B-86E4-408A-B22B-5311AC82AF55}"
EndProject
Project("{FAE04EC0-301F-11D3-BF4B-00C04F79EFBC}") = "Client Side Logic", "Client Side Logic\Client Side Logic.csproj", "{3490D386-4F9B-442B-86BF-FBA6807975EF}"
EndProject
Project("{FAE04EC0-301F-11D3-BF4B-00C04F79EFBC}") = "MessageType", "MessageType\MessageType.csproj", "{34A70693-0BDA-4031-9C6B-4BE12044937E}"
EndProject
Global
	GlobalSection(SolutionConfigurationPlatforms) = preSolution
		Debug|Any CPU = Debug|Any CPU
		Release|Any CPU = Release|Any CPU
	EndGlobalSection
	GlobalSection(ProjectConfigurationPlatforms) = postSolution
		{9E2CCA57-C89E-49D3-882D-03F08F4BDC1E}.Debug|Any CPU.ActiveCfg = Debug|Any CPU
		{9E2CCA57-C89E-49D3-882D-03F08F4BDC1E}.Debug|Any CPU.Build.0 = Debug|Any CPU
		{9E2CCA57-C89E-49D3-882D-03F08F4BDC1E}.Release|Any CPU.ActiveCfg = Release|Any CPU
		{9E2CCA57-C89E-49D3-882D-03F08F4BDC1E}.Release|Any CPU.Build.0 = Release|Any CPU
		{BA8B499B-CC7C-4C10-9D5C-A7B0F748AB91}.Debug|Any CPU.ActiveCfg = Debug|Any CPU
		{BA8B499B-CC7C-4C10-9D5C-A7B0F748AB91}.Debug|Any CPU.Build.0 = Debug|Any CPU
		{BA8B499B-CC7C-4C10-9D5C-A7B0F748AB91}.Release|Any CPU.ActiveCfg = Release|Any CPU
		{BA8B499B-CC7C-4C10-9D5C-A7B0F748AB91}.Release|Any CPU.Build.0 = Release|Any CPU
		{67E7028B-86E4-408A-B22B-5311AC82AF55}.Debug|Any CPU.ActiveCfg = Debug|Any CPU
		{67E7028B-86E4-408A-B22B-5311AC82AF55}.Debug|Any CPU.Build.0 = Debug|Any CPU
		{67E7028B-86E4-408A-B22B-5311AC82AF55}.Release|Any CPU.ActiveCfg = Release|Any CPU
		{67E7028B-86E4-408A-B22B-5311AC82AF55}.Release|Any CPU.Build.0 = Release|Any CPU
		{3490D386-4F9B-442B-86BF-FBA6807975EF}.Debug|Any CPU.ActiveCfg = Debug|Any CPU
		{3490D386-4F9B-442B-86BF-FBA6807975EF}.Debug|Any CPU.Build.0 = Debug|Any CPU
		{3490D386-4F9B-442B-86BF-FBA6807975EF}.Release|Any CPU.ActiveCfg = Release|Any CPU
		{3490D386-4F9B-442B-86BF-FBA6807975EF}.Release|Any CPU.Build.0 = Release|Any CPU
		{34A70693-0BDA-4031-9C6B-4BE12044937E}.Debug|Any CPU.ActiveCfg = Debug|Any CPU
		{34A70693-0BDA-4031-9C6B-4BE12044937E}.Debug|Any CPU.Build.0 = Debug|Any CPU
		{34A70693-0BDA-4031-9C6B-4BE12044937E}.Release|Any CPU.ActiveCfg = Release|Any CPU
		{34A70693-0BDA-4031-9C6B-4BE12044937E}.Release|Any CPU.Build.0 = Release|Any CPU
	EndGlobalSection
	GlobalSection(SolutionProperties) = preSolution
		HideSolutionNode = FALSE
	EndGlobalSection
EndGlobal
